{
    "_readme": [
        "This file locks the dependencies of your project to a known state",
        "Read more about it at http://getcomposer.org/doc/01-basic-usage.md#composer-lock-the-lock-file"
    ],
    "hash": "37b3e9d7f6815735f3695cdfedd0412d",
    "packages": [
        {
            "name": "hoa/core",
            "version": "dev-master",
            "target-dir": "Hoa/Core",
            "source": {
                "type": "git",
                "url": "https://github.com/hoaproject/Core.git",
                "reference": "b79def7bc80afc71614a37a696c7752e002671dd"
            },
            "dist": {
                "type": "zip",
                "url": "https://api.github.com/repos/hoaproject/Core/zipball/b79def7bc80afc71614a37a696c7752e002671dd",
                "reference": "b79def7bc80afc71614a37a696c7752e002671dd",
                "shasum": ""
            },
            "require": {
                "ext-spl": "*",
                "php": ">=5.3.3"
            },
            "suggest": {
                "ext-mbstring": "ext/mbstring must be present (or a third implementation).",
                "hoa/console": "To use the `hoa` script.",
                "hoa/dispatcher": "To use the `hoa` script.",
                "hoa/router": "To use the `hoa` script."
            },
            "bin": [
                "Bin/hoa"
            ],
            "type": "library",
            "autoload": {
                "psr-0": {
                    "Hoa\\Core": "."
                },
                "files": [
                    "Core.php"
                ]
            },
            "notification-url": "https://packagist.org/downloads/",
            "license": [
                "BSD-3-Clause"
            ],
            "authors": [
                {
                    "name": "Ivan Enderlin",
                    "email": "ivan.enderlin@hoa-project.net"
                },
                {
                    "name": "Hoa community",
                    "homepage": "http://hoa-project.net/"
                }
            ],
            "description": "The Hoa\\Core library.",
            "homepage": "http://hoa-project.net/",
            "keywords": [
                "consistency",
                "core",
                "data",
                "event",
                "library",
                "listener",
                "parameter",
                "protocol"
            ],
            "time": "2014-03-28 11:15:29"
        },
        {
            "name": "hoa/http",
            "version": "dev-master",
            "target-dir": "Hoa/Http",
            "source": {
                "type": "git",
                "url": "https://github.com/hoaproject/Http.git",
                "reference": "53ed3e651d872432b5d6fefcdb2d2ef43c08640b"
            },
            "dist": {
                "type": "zip",
                "url": "https://api.github.com/repos/hoaproject/Http/zipball/53ed3e651d872432b5d6fefcdb2d2ef43c08640b",
                "reference": "53ed3e651d872432b5d6fefcdb2d2ef43c08640b",
                "shasum": ""
            },
            "require": {
                "hoa/core": "dev-master",
                "hoa/stream": "dev-master"
            },
            "type": "library",
            "autoload": {
                "psr-0": {
                    "Hoa\\Http": "."
                }
            },
            "notification-url": "https://packagist.org/downloads/",
            "license": [
                "BSD-3-Clause"
            ],
            "authors": [
                {
                    "name": "Ivan Enderlin",
                    "email": "ivan.enderlin@hoa-project.net"
                },
                {
                    "name": "Hoa community",
                    "homepage": "http://hoa-project.net/"
                }
            ],
            "description": "The Hoa\\Http library.",
            "homepage": "http://hoa-project.net/",
            "keywords": [
                "http",
                "library",
                "request",
                "response",
                "runtime"
            ],
            "time": "2014-02-06 13:16:23"
        },
        {
            "name": "hoa/socket",
            "version": "dev-master",
            "target-dir": "Hoa/Socket",
            "source": {
                "type": "git",
                "url": "https://github.com/hoaproject/Socket.git",
                "reference": "5a5789225b996d27c16a679d7525f65564490493"
            },
            "dist": {
                "type": "zip",
                "url": "https://api.github.com/repos/hoaproject/Socket/zipball/5a5789225b996d27c16a679d7525f65564490493",
                "reference": "5a5789225b996d27c16a679d7525f65564490493",
                "shasum": ""
            },
            "require": {
                "hoa/core": "dev-master",
                "hoa/stream": "dev-master"
            },
            "type": "library",
            "autoload": {
                "psr-0": {
                    "Hoa\\Socket": "."
                }
            },
            "notification-url": "https://packagist.org/downloads/",
            "license": [
                "BSD-3-Clause"
            ],
            "authors": [
                {
                    "name": "Ivan Enderlin",
                    "email": "ivan.enderlin@hoa-project.net"
                },
                {
                    "name": "Hoa community",
                    "homepage": "http://hoa-project.net/"
                }
            ],
            "description": "The Hoa\\Socket library.",
            "homepage": "http://hoa-project.net/",
            "keywords": [
                "Socket",
                "client",
                "library",
                "node",
                "server",
                "tcp",
                "udp"
            ],
            "time": "2014-03-28 11:34:59"
        },
        {
            "name": "hoa/stream",
            "version": "dev-master",
            "target-dir": "Hoa/Stream",
            "source": {
                "type": "git",
                "url": "https://github.com/hoaproject/Stream.git",
                "reference": "d1d2388abd3581dff63a44dff9f224c006e06c21"
            },
            "dist": {
                "type": "zip",
                "url": "https://api.github.com/repos/hoaproject/Stream/zipball/d1d2388abd3581dff63a44dff9f224c006e06c21",
                "reference": "d1d2388abd3581dff63a44dff9f224c006e06c21",
                "shasum": ""
            },
            "require": {
                "hoa/core": "dev-master"
            },
            "type": "library",
            "autoload": {
                "psr-0": {
                    "Hoa\\Stream": "."
                }
            },
            "notification-url": "https://packagist.org/downloads/",
            "license": [
                "BSD-3-Clause"
            ],
            "authors": [
                {
                    "name": "Ivan Enderlin",
                    "email": "ivan.enderlin@hoa-project.net"
                },
                {
                    "name": "Hoa community",
                    "homepage": "http://hoa-project.net/"
                }
            ],
            "description": "The Hoa\\Stream library.",
            "homepage": "http://hoa-project.net/",
            "keywords": [
                "Context",
                "bucket",
                "composite",
                "filter",
                "in",
                "library",
                "out",
                "protocol",
                "stream",
                "wrapper"
            ],
            "time": "2014-01-26 21:19:23"
        },
        {
            "name": "hoa/websocket",
            "version": "dev-master",
            "target-dir": "Hoa/Websocket",
            "source": {
                "type": "git",
                "url": "https://github.com/hoaproject/Websocket.git",
                "reference": "b39aec5a4603294e94fee35759bad0baca5ed5ad"
            },
            "dist": {
                "type": "zip",
                "url": "https://api.github.com/repos/hoaproject/Websocket/zipball/b39aec5a4603294e94fee35759bad0baca5ed5ad",
                "reference": "b39aec5a4603294e94fee35759bad0baca5ed5ad",
                "shasum": ""
            },
            "require": {
                "hoa/core": "dev-master",
                "hoa/http": "dev-master",
                "hoa/socket": "dev-master"
            },
            "type": "library",
            "autoload": {
                "psr-0": {
                    "Hoa\\Websocket": "."
                }
            },
            "notification-url": "https://packagist.org/downloads/",
            "license": [
                "BSD-3-Clause"
            ],
            "authors": [
                {
                    "name": "Ivan Enderlin",
                    "email": "ivan.enderlin@hoa-project.net"
                },
                {
                    "name": "Hoa community",
                    "homepage": "http://hoa-project.net/"
                }
            ],
            "description": "The Hoa\\Websocket library.",
            "homepage": "http://hoa-project.net/",
            "keywords": [
                "Socket",
                "client",
                "hybi",
                "library",
                "realtime",
                "rfc6455",
                "server",
                "websocket"
            ],
            "time": "2014-02-24 14:22:53"
        }
    ],
    "packages-dev": [

    ],
    "aliases": [

    ],
    "minimum-stability": "dev",
    "stability-flags": {
        "hoa/websocket": 20
    },
    "platform": [

    ],
    "platform-dev": [

    ]
}
